// !$*UTF8*$!
{
	archiveVersion = 1;
	classes = {
	};
	objectVersion = 46;
	objects = {

/* Begin PBXBuildFile section */
		CC9B31E01B8AF89700F48177 /* AppDelegate.swift in Sources */ = {isa = PBXBuildFile; fileRef = CC9B31DF1B8AF89700F48177 /* AppDelegate.swift */; };
		CC9B31E21B8AF89700F48177 /* MasterViewController.swift in Sources */ = {isa = PBXBuildFile; fileRef = CC9B31E11B8AF89700F48177 /* MasterViewController.swift */; };
		CC9B31E41B8AF89700F48177 /* DetailViewController.swift in Sources */ = {isa = PBXBuildFile; fileRef = CC9B31E31B8AF89700F48177 /* DetailViewController.swift */; };
		CC9B31E71B8AF89700F48177 /* Main.storyboard in Resources */ = {isa = PBXBuildFile; fileRef = CC9B31E51B8AF89700F48177 /* Main.storyboard */; };
		CC9B31E91B8AF89700F48177 /* Images.xcassets in Resources */ = {isa = PBXBuildFile; fileRef = CC9B31E81B8AF89700F48177 /* Images.xcassets */; };
		CC9B31EC1B8AF89700F48177 /* LaunchScreen.xib in Resources */ = {isa = PBXBuildFile; fileRef = CC9B31EA1B8AF89700F48177 /* LaunchScreen.xib */; };
		CC9B31F81B8AF89700F48177 /* Favourites_SwiftTests.swift in Sources */ = {isa = PBXBuildFile; fileRef = CC9B31F71B8AF89700F48177 /* Favourites_SwiftTests.swift */; };
		CC9B32021B8AF91B00F48177 /* Link.swift in Sources */ = {isa = PBXBuildFile; fileRef = CC9B32011B8AF91B00F48177 /* Link.swift */; };
/* End PBXBuildFile section */

/* Begin PBXContainerItemProxy section */
		CC9B31F21B8AF89700F48177 /* PBXContainerItemProxy */ = {
			isa = PBXContainerItemProxy;
			containerPortal = CC9B31D21B8AF89700F48177 /* Project object */;
			proxyType = 1;
			remoteGlobalIDString = CC9B31D91B8AF89700F48177;
			remoteInfo = "Favourites-Swift";
		};
/* End PBXContainerItemProxy section */

/* Begin PBXFileReference section */
		CC9B31DA1B8AF89700F48177 /* Favourites-Swift.app */ = {isa = PBXFileReference; explicitFileType = wrapper.application; includeInIndex = 0; path = "Favourites-Swift.app"; sourceTree = BUILT_PRODUCTS_DIR; };
		CC9B31DE1B8AF89700F48177 /* Info.plist */ = {isa = PBXFileReference; lastKnownFileType = text.plist.xml; path = Info.plist; sourceTree = "<group>"; };
		CC9B31DF1B8AF89700F48177 /* AppDelegate.swift */ = {isa = PBXFileReference; lastKnownFileType = sourcecode.swift; path = AppDelegate.swift; sourceTree = "<group>"; };
		CC9B31E11B8AF89700F48177 /* MasterViewController.swift */ = {isa = PBXFileReference; lastKnownFileType = sourcecode.swift; path = MasterViewController.swift; sourceTree = "<group>"; };
		CC9B31E31B8AF89700F48177 /* DetailViewController.swift */ = {isa = PBXFileReference; lastKnownFileType = sourcecode.swift; path = DetailViewController.swift; sourceTree = "<group>"; };
		CC9B31E61B8AF89700F48177 /* Base */ = {isa = PBXFileReference; lastKnownFileType = file.storyboard; name = Base; path = Base.lproj/Main.storyboard; sourceTree = "<group>"; };
		CC9B31E81B8AF89700F48177 /* Images.xcassets */ = {isa = PBXFileReference; lastKnownFileType = folder.assetcatalog; path = Images.xcassets; sourceTree = "<group>"; };
		CC9B31EB1B8AF89700F48177 /* Base */ = {isa = PBXFileReference; lastKnownFileType = file.xib; name = Base; path = Base.lproj/LaunchScreen.xib; sourceTree = "<group>"; };
		CC9B31F11B8AF89700F48177 /* Favourites-SwiftTests.xctest */ = {isa = PBXFileReference; explicitFileType = wrapper.cfbundle; includeInIndex = 0; path = "Favourites-SwiftTests.xctest"; sourceTree = BUILT_PRODUCTS_DIR; };
		CC9B31F61B8AF89700F48177 /* Info.plist */ = {isa = PBXFileReference; lastKnownFileType = text.plist.xml; path = Info.plist; sourceTree = "<group>"; };
		CC9B31F71B8AF89700F48177 /* Favourites_SwiftTests.swift */ = {isa = PBXFileReference; lastKnownFileType = sourcecode.swift; path = Favourites_SwiftTests.swift; sourceTree = "<group>"; };
		CC9B32011B8AF91B00F48177 /* Link.swift */ = {isa = PBXFileReference; fileEncoding = 4; lastKnownFileType = sourcecode.swift; path = Link.swift; sourceTree = "<group>"; };
/* End PBXFileReference section */

/* Begin PBXFrameworksBuildPhase section */
		CC9B31D71B8AF89700F48177 /* Frameworks */ = {
			isa = PBXFrameworksBuildPhase;
			buildActionMask = 2147483647;
			files = (
			);
			runOnlyForDeploymentPostprocessing = 0;
		};
		CC9B31EE1B8AF89700F48177 /* Frameworks */ = {
			isa = PBXFrameworksBuildPhase;
			buildActionMask = 2147483647;
			files = (
			);
			runOnlyForDeploymentPostprocessing = 0;
		};
/* End PBXFrameworksBuildPhase section */

/* Begin PBXGroup section */
		CC9B31D11B8AF89700F48177 = {
			isa = PBXGroup;
			children = (
				CC9B31DC1B8AF89700F48177 /* Favourites-Swift */,
				CC9B31F41B8AF89700F48177 /* Favourites-SwiftTests */,
				CC9B31DB1B8AF89700F48177 /* Products */,
			);
			sourceTree = "<group>";
		};
		CC9B31DB1B8AF89700F48177 /* Products */ = {
			isa = PBXGroup;
			children = (
				CC9B31DA1B8AF89700F48177 /* Favourites-Swift.app */,
				CC9B31F11B8AF89700F48177 /* Favourites-SwiftTests.xctest */,
			);
			name = Products;
			sourceTree = "<group>";
		};
		CC9B31DC1B8AF89700F48177 /* Favourites-Swift */ = {
			isa = PBXGroup;
			children = (
				CC9B32031B8AF92E00F48177 /* Model */,
				CC9B32041B8AF93600F48177 /* Controller */,
				CC9B32051B8AF94F00F48177 /* Storyboard */,
				CC9B31DD1B8AF89700F48177 /* Supporting Files */,
			);
			path = "Favourites-Swift";
			sourceTree = "<group>";
		};
		CC9B31DD1B8AF89700F48177 /* Supporting Files */ = {
			isa = PBXGroup;
			children = (
				CC9B31E81B8AF89700F48177 /* Images.xcassets */,
				CC9B31DF1B8AF89700F48177 /* AppDelegate.swift */,
				CC9B31DE1B8AF89700F48177 /* Info.plist */,
			);
			name = "Supporting Files";
			sourceTree = "<group>";
		};
		CC9B31F41B8AF89700F48177 /* Favourites-SwiftTests */ = {
			isa = PBXGroup;
			children = (
				CC9B31F71B8AF89700F48177 /* Favourites_SwiftTests.swift */,
				CC9B31F51B8AF89700F48177 /* Supporting Files */,
			);
			path = "Favourites-SwiftTests";
			sourceTree = "<group>";
		};
		CC9B31F51B8AF89700F48177 /* Supporting Files */ = {
			isa = PBXGroup;
			children = (
				CC9B31F61B8AF89700F48177 /* Info.plist */,
			);
			name = "Supporting Files";
			sourceTree = "<group>";
		};
		CC9B32031B8AF92E00F48177 /* Model */ = {
			isa = PBXGroup;
			children = (
				CC9B32011B8AF91B00F48177 /* Link.swift */,
			);
			name = Model;
			sourceTree = "<group>";
		};
		CC9B32041B8AF93600F48177 /* Controller */ = {
			isa = PBXGroup;
			children = (
				CC9B31E11B8AF89700F48177 /* MasterViewController.swift */,
				CC9B31E31B8AF89700F48177 /* DetailViewController.swift */,
			);
			name = Controller;
			sourceTree = "<group>";
		};
		CC9B32051B8AF94F00F48177 /* Storyboard */ = {
			isa = PBXGroup;
			children = (
				CC9B31E51B8AF89700F48177 /* Main.storyboard */,
				CC9B31EA1B8AF89700F48177 /* LaunchScreen.xib */,
			);
			name = Storyboard;
			sourceTree = "<group>";
		};
/* End PBXGroup section */

/* Begin PBXNativeTarget section */
		CC9B31D91B8AF89700F48177 /* Favourites-Swift */ = {
			isa = PBXNativeTarget;
			buildConfigurationList = CC9B31FB1B8AF89700F48177 /* Build configuration list for PBXNativeTarget "Favourites-Swift" */;
			buildPhases = (
				CC9B31D61B8AF89700F48177 /* Sources */,
				CC9B31D71B8AF89700F48177 /* Frameworks */,
				CC9B31D81B8AF89700F48177 /* Resources */,
			);
			buildRules = (
			);
			dependencies = (
			);
			name = "Favourites-Swift";
			productName = "Favourites-Swift";
			productReference = CC9B31DA1B8AF89700F48177 /* Favourites-Swift.app */;
			productType = "com.apple.product-type.application";
		};
		CC9B31F01B8AF89700F48177 /* Favourites-SwiftTests */ = {
			isa = PBXNativeTarget;
			buildConfigurationList = CC9B31FE1B8AF89700F48177 /* Build configuration list for PBXNativeTarget "Favourites-SwiftTests" */;
			buildPhases = (
				CC9B31ED1B8AF89700F48177 /* Sources */,
				CC9B31EE1B8AF89700F48177 /* Frameworks */,
				CC9B31EF1B8AF89700F48177 /* Resources */,
			);
			buildRules = (
			);
			dependencies = (
				CC9B31F31B8AF89700F48177 /* PBXTargetDependency */,
			);
			name = "Favourites-SwiftTests";
			productName = "Favourites-SwiftTests";
			productReference = CC9B31F11B8AF89700F48177 /* Favourites-SwiftTests.xctest */;
			productType = "com.apple.product-type.bundle.unit-test";
		};
/* End PBXNativeTarget section */

/* Begin PBXProject section */
		CC9B31D21B8AF89700F48177 /* Project object */ = {
			isa = PBXProject;
			attributes = {
				LastUpgradeCheck = 0640;
				ORGANIZATIONNAME = "Linköpings University";
				TargetAttributes = {
					CC9B31D91B8AF89700F48177 = {
						CreatedOnToolsVersion = 6.4;
					};
					CC9B31F01B8AF89700F48177 = {
						CreatedOnToolsVersion = 6.4;
						TestTargetID = CC9B31D91B8AF89700F48177;
					};
				};
			};
			buildConfigurationList = CC9B31D51B8AF89700F48177 /* Build configuration list for PBXProject "Favourites-Swift" */;
			compatibilityVersion = "Xcode 3.2";
			developmentRegion = English;
			hasScannedForEncodings = 0;
			knownRegions = (
				en,
				Base,
			);
			mainGroup = CC9B31D11B8AF89700F48177;
			productRefGroup = CC9B31DB1B8AF89700F48177 /* Products */;
			projectDirPath = "";
			projectRoot = "";
			targets = (
				CC9B31D91B8AF89700F48177 /* Favourites-Swift */,
				CC9B31F01B8AF89700F48177 /* Favourites-SwiftTests */,
			);
		};
/* End PBXProject section */

/* Begin PBXResourcesBuildPhase section */
		CC9B31D81B8AF89700F48177 /* Resources */ = {
			isa = PBXResourcesBuildPhase;
			buildActionMask = 2147483647;
			files = (
				CC9B31E71B8AF89700F48177 /* Main.storyboard in Resources */,
				CC9B31EC1B8AF89700F48177 /* LaunchScreen.xib in Resources */,
				CC9B31E91B8AF89700F48177 /* Images.xcassets in Resources */,
			);
			runOnlyForDeploymentPostprocessing = 0;
		};
		CC9B31EF1B8AF89700F48177 /* Resources */ = {
			isa = PBXResourcesBuildPhase;
			buildActionMask = 2147483647;
			files = (
			);
			runOnlyForDeploymentPostprocessing = 0;
		};
/* End PBXResourcesBuildPhase section */

/* Begin PBXSourcesBuildPhase section */
		CC9B31D61B8AF89700F48177 /* Sources */ = {
			isa = PBXSourcesBuildPhase;
			buildActionMask = 2147483647;
			files = (
				CC9B31E41B8AF89700F48177 /* DetailViewController.swift in Sources */,
				CC9B31E21B8AF89700F48177 /* MasterViewController.swift in Sources */,
				CC9B31E01B8AF89700F48177 /* AppDelegate.swift in Sources */,
				CC9B32021B8AF91B00F48177 /* Link.swift in Sources */,
			);
			runOnlyForDeploymentPostprocessing = 0;
		};
		CC9B31ED1B8AF89700F48177 /* Sources */ = {
			isa = PBXSourcesBuildPhase;
			buildActionMask = 2147483647;
			files = (
				CC9B31F81B8AF89700F48177 /* Favourites_SwiftTests.swift in Sources */,
			);
			runOnlyForDeploymentPostprocessing = 0;
		};
/* End PBXSourcesBuildPhase section */

/* Begin PBXTargetDependency section */
		CC9B31F31B8AF89700F48177 /* PBXTargetDependency */ = {
			isa = PBXTargetDependency;
			target = CC9B31D91B8AF89700F48177 /* Favourites-Swift */;
			targetProxy = CC9B31F21B8AF89700F48177 /* PBXContainerItemProxy */;
		};
/* End PBXTargetDependency section */

/* Begin PBXVariantGroup section */
		CC9B31E51B8AF89700F48177 /* Main.storyboard */ = {
			isa = PBXVariantGroup;
			children = (
				CC9B31E61B8AF89700F48177 /* Base */,
			);
			name = Main.storyboard;
			sourceTree = "<group>";
		};
		CC9B31EA1B8AF89700F48177 /* LaunchScreen.xib */ = {
			isa = PBXVariantGroup;
			children = (
				CC9B31EB1B8AF89700F48177 /* Base */,
			);
			name = LaunchScreen.xib;
			sourceTree = "<group>";
		};
/* End PBXVariantGroup section */

/* Begin XCBuildConfiguration section */
		CC9B31F91B8AF89700F48177 /* Debug */ = {
			isa = XCBuildConfiguration;
			buildSettings = {
				ALWAYS_SEARCH_USER_PATHS = NO;
				CLANG_CXX_LANGUAGE_STANDARD = "gnu++0x";
				CLANG_CXX_LIBRARY = "libc++";
				CLANG_ENABLE_MODULES = YES;
				CLANG_ENABLE_OBJC_ARC = YES;
				CLANG_WARN_BOOL_CONVERSION = YES;
				CLANG_WARN_CONSTANT_CONVERSION = YES;
				CLANG_WARN_DIRECT_OBJC_ISA_USAGE = YES_ERROR;
				CLANG_WARN_EMPTY_BODY = YES;
				CLANG_WARN_ENUM_CONVERSION = YES;
				CLANG_WARN_INT_CONVERSION = YES;
				CLANG_WARN_OBJC_ROOT_CLASS = YES_ERROR;
				CLANG_WARN_UNREACHABLE_CODE = YES;
				CLANG_WARN__DUPLICATE_METHOD_MATCH = YES;
				"CODE_SIGN_IDENTITY[sdk=iphoneos*]" = "iPhone Developer";
				COPY_PHASE_STRIP = NO;
				DEBUG_INFORMATION_FORMAT = "dwarf-with-dsym";
				ENABLE_STRICT_OBJC_MSGSEND = YES;
				GCC_C_LANGUAGE_STANDARD = gnu99;
				GCC_DYNAMIC_NO_PIC = NO;
				GCC_NO_COMMON_BLOCKS = YES;
				GCC_OPTIMIZATION_LEVEL = 0;
				GCC_PREPROCESSOR_DEFINITIONS = (
					"DEBUG=1",
					"$(inherited)",
				);
				GCC_SYMBOLS_PRIVATE_EXTERN = NO;
				GCC_WARN_64_TO_32_BIT_CONVERSION = YES;
				GCC_WARN_ABOUT_RETURN_TYPE = YES_ERROR;
				GCC_WARN_UNDECLARED_SELECTOR = YES;
				GCC_WARN_UNINITIALIZED_AUTOS = YES_AGGRESSIVE;
				GCC_WARN_UNUSED_FUNCTION = YES;
				GCC_WARN_UNUSED_VARIABLE = YES;
				IPHONEOS_DEPLOYMENT_TARGET = 8.4;
				MTL_ENABLE_DEBUG_INFO = YES;
				ONLY_ACTIVE_ARCH = YES;
				SDKROOT = iphoneos;
				SWIFT_OPTIMIZATION_LEVEL = "-Onone";
				TARGETED_DEVICE_FAMILY = 2;
			};
			name = Debug;
		};
		CC9B31FA1B8AF89700F48177 /* Release */ = {
			isa = XCBuildConfiguration;
			buildSettings = {
				ALWAYS_SEARCH_USER_PATHS = NO;
				CLANG_CXX_LANGUAGE_STANDARD = "gnu++0x";
				CLANG_CXX_LIBRARY = "libc++";
				CLANG_ENABLE_MODULES = YES;
				CLANG_ENABLE_OBJC_ARC = YES;
				CLANG_WARN_BOOL_CONVERSION = YES;
				CLANG_WARN_CONSTANT_CONVERSION = YES;
				CLANG_WARN_DIRECT_OBJC_ISA_USAGE = YES_ERROR;
				CLANG_WARN_EMPTY_BODY = YES;
				CLANG_WARN_ENUM_CONVERSION = YES;
				CLANG_WARN_INT_CONVERSION = YES;
				CLANG_WARN_OBJC_ROOT_CLASS = YES_ERROR;
				CLANG_WARN_UNREACHABLE_CODE = YES;
				CLANG_WARN__DUPLICATE_METHOD_MATCH = YES;
				"CODE_SIGN_IDENTITY[sdk=iphoneos*]" = "iPhone Developer";
				COPY_PHASE_STRIP = NO;
				DEBUG_INFORMATION_FORMAT = "dwarf-with-dsym";
				ENABLE_NS_ASSERTIONS = NO;
				ENABLE_STRICT_OBJC_MSGSEND = YES;
				GCC_C_LANGUAGE_STANDARD = gnu99;
				GCC_NO_COMMON_BLOCKS = YES;
				GCC_WARN_64_TO_32_BIT_CONVERSION = YES;
				GCC_WARN_ABOUT_RETURN_TYPE = YES_ERROR;
				GCC_WARN_UNDECLARED_SELECTOR = YES;
				GCC_WARN_UNINITIALIZED_AUTOS = YES_AGGRESSIVE;
				GCC_WARN_UNUSED_FUNCTION = YES;
				GCC_WARN_UNUSED_VARIABLE = YES;
				IPHONEOS_DEPLOYMENT_TARGET = 8.4;
				MTL_ENABLE_DEBUG_INFO = NO;
				SDKROOT = iphoneos;
				TARGETED_DEVICE_FAMILY = 2;
				VALIDATE_PRODUCT = YES;
			};
			name = Release;
		};
		CC9B31FC1B8AF89700F48177 /* Debug */ = {
			isa = XCBuildConfiguration;
			buildSettings = {
				ASSETCATALOG_COMPILER_APPICON_NAME = AppIcon;
				INFOPLIST_FILE = "Favourites-Swift/Info.plist";
				LD_RUNPATH_SEARCH_PATHS = "$(inherited) @executable_path/Frameworks";
				PRODUCT_NAME = "$(TARGET_NAME)";
				TARGETED_DEVICE_FAMILY = "1,2";
			};
			name = Debug;
		};
		CC9B31FD1B8AF89700F48177 /* Release */ = {
			isa = XCBuildConfiguration;
			buildSettings = {
				ASSETCATALOG_COMPILER_APPICON_NAME = AppIcon;
				INFOPLIST_FILE = "Favourites-Swift/Info.plist";
				LD_RUNPATH_SEARCH_PATHS = "$(inherited) @executable_path/Frameworks";
				PRODUCT_NAME = "$(TARGET_NAME)";
				TARGETED_DEVICE_FAMILY = "1,2";
			};
			name = Release;
		};
		CC9B31FF1B8AF89700F48177 /* Debug */ = {
			isa = XCBuildConfiguration;
			buildSettings = {
				BUNDLE_LOADER = "$(TEST_HOST)";
				FRAMEWORK_SEARCH_PATHS = (
					"$(SDKROOT)/Developer/Library/Frameworks",
					"$(inherited)",
				);
				GCC_PREPROCESSOR_DEFINITIONS = (
					"DEBUG=1",
					"$(inherited)",
				);
				INFOPLIST_FILE = "Favourites-SwiftTests/Info.plist";
				LD_RUNPATH_SEARCH_PATHS = "$(inherited) @executable_path/Frameworks @loader_path/Frameworks";
				PRODUCT_NAME = "$(TARGET_NAME)";
				TEST_HOST = "$(BUILT_PRODUCTS_DIR)/Favourites-Swift.app/Favourites-Swift";
			};
			name = Debug;
		};
		CC9B32001B8AF89700F48177 /* Release */ = {
			isa = XCBuildConfiguration;
			buildSettings = {
				BUNDLE_LOADER = "$(TEST_HOST)";
				FRAMEWORK_SEARCH_PATHS = (
					"$(SDKROOT)/Developer/Library/Frameworks",
					"$(inherited)",
				);
				INFOPLIST_FILE = "Favourites-SwiftTests/Info.plist";
				LD_RUNPATH_SEARCH_PATHS = "$(inherited) @executable_path/Frameworks @loader_path/Frameworks";
				PRODUCT_NAME = "$(TARGET_NAME)";
				TEST_HOST = "$(BUILT_PRODUCTS_DIR)/Favourites-Swift.app/Favourites-Swift";
			};
			name = Release;
		};
/* End XCBuildConfiguration section */

/* Begin XCConfigurationList section */
		CC9B31D51B8AF89700F48177 /* Build configuration list for PBXProject "Favourites-Swift" */ = {
			isa = XCConfigurationList;
			buildConfigurations = (
				CC9B31F91B8AF89700F48177 /* Debug */,
				CC9B31FA1B8AF89700F48177 /* Release */,
			);
			defaultConfigurationIsVisible = 0;
			defaultConfigurationName = Release;
		};
		CC9B31FB1B8AF89700F48177 /* Build configuration list for PBXNativeTarget "Favourites-Swift" */ = {
			isa = XCConfigurationList;
			buildConfigurations = (
				CC9B31FC1B8AF89700F48177 /* Debug */,
				CC9B31FD1B8AF89700F48177 /* Release */,
			);
			defaultConfigurationIsVisible = 0;
		};
		CC9B31FE1B8AF89700F48177 /* Build configuration list for PBXNativeTarget "Favourites-SwiftTests" */ = {
			isa = XCConfigurationList;
			buildConfigurations = (
				CC9B31FF1B8AF89700F48177 /* Debug */,
				CC9B32001B8AF89700F48177 /* Release */,
			);
			defaultConfigurationIsVisible = 0;
		};
/* End XCConfigurationList section */
	};
	rootObject = CC9B31D21B8AF89700F48177 /* Project object */;
}
